
Microsoft Visual Studio Solution File, Format Version 12.00
# Visual Studio Version 17
VisualStudioVersion = 17.0.31903.59
MinimumVisualStudioVersion = 10.0.40219.1
Project("{FAE04EC0-301F-11D3-BF4B-00C04F79EFBC}") = "API.AOT", "API.AOT\API.AOT.csproj", "{200F5F0E-3DE9-4A10-B5D9-CF85A8B88024}"
EndProject
Project("{2150E333-8FDC-42A3-9474-1A3956D46DE8}") = ".template.config", ".template.config", "{E51F7F33-3483-4884-AD37-C1C3C8DBC836}"
	ProjectSection(SolutionItems) = preProject
		.template.config\template.json = .template.config\template.json
	EndProjectSection
EndProject
Global
	GlobalSection(SolutionConfigurationPlatforms) = preSolution
		Debug|Any CPU = Debug|Any CPU
		Release|Any CPU = Release|Any CPU
	EndGlobalSection
	GlobalSection(ProjectConfigurationPlatforms) = postSolution
		{200F5F0E-3DE9-4A10-B5D9-CF85A8B88024}.Debug|Any CPU.ActiveCfg = Debug|Any CPU
		{200F5F0E-3DE9-4A10-B5D9-CF85A8B88024}.Debug|Any CPU.Build.0 = Debug|Any CPU
		{200F5F0E-3DE9-4A10-B5D9-CF85A8B88024}.Release|Any CPU.ActiveCfg = Release|Any CPU
		{200F5F0E-3DE9-4A10-B5D9-CF85A8B88024}.Release|Any CPU.Build.0 = Release|Any CPU
	EndGlobalSection
	GlobalSection(SolutionProperties) = preSolution
		HideSolutionNode = FALSE
	EndGlobalSection
	GlobalSection(ExtensibilityGlobals) = postSolution
		SolutionGuid = {BD8D72EE-4110-4643-91EB-5E293EE9D93E}
	EndGlobalSection
EndGlobal
